// !$*UTF8*$!
{
	archiveVersion = 1;
	classes = {
	};
	objectVersion = 56;
	objects = {

/* Begin PBXBuildFile section */
		F9785CE12AF903900086854D /* Dex3App.swift in Sources */ = {isa = PBXBuildFile; fileRef = F9785CE02AF903900086854D /* Dex3App.swift */; };
		F9785CE32AF903900086854D /* ContentView.swift in Sources */ = {isa = PBXBuildFile; fileRef = F9785CE22AF903900086854D /* ContentView.swift */; };
		F9785CE52AF903910086854D /* Assets.xcassets in Resources */ = {isa = PBXBuildFile; fileRef = F9785CE42AF903910086854D /* Assets.xcassets */; };
		F9785CE82AF903910086854D /* Preview Assets.xcassets in Resources */ = {isa = PBXBuildFile; fileRef = F9785CE72AF903910086854D /* Preview Assets.xcassets */; };
		F9785CEA2AF903910086854D /* Persistence.swift in Sources */ = {isa = PBXBuildFile; fileRef = F9785CE92AF903910086854D /* Persistence.swift */; };
		F9785CED2AF903910086854D /* Dex3.xcdatamodeld in Sources */ = {isa = PBXBuildFile; fileRef = F9785CEB2AF903910086854D /* Dex3.xcdatamodeld */; };
		F9A7A9C92B03B2780061613C /* TempPokemon.swift in Sources */ = {isa = PBXBuildFile; fileRef = F9D91CE52AF9185C00304A3D /* TempPokemon.swift */; };
		F9D91CE62AF9185C00304A3D /* TempPokemon.swift in Sources */ = {isa = PBXBuildFile; fileRef = F9D91CE52AF9185C00304A3D /* TempPokemon.swift */; };
		F9D91CE82AF92B8D00304A3D /* FetchController.swift in Sources */ = {isa = PBXBuildFile; fileRef = F9D91CE72AF92B8D00304A3D /* FetchController.swift */; };
		F9D91CEB2AF9373300304A3D /* PokemonViewModel.swift in Sources */ = {isa = PBXBuildFile; fileRef = F9D91CEA2AF9373300304A3D /* PokemonViewModel.swift */; };
		F9D91CF22AF93C7B00304A3D /* PokemonDetail.swift in Sources */ = {isa = PBXBuildFile; fileRef = F9D91CF12AF93C7B00304A3D /* PokemonDetail.swift */; };
		F9D91CF42AF9416700304A3D /* Pokemon+Ext.swift in Sources */ = {isa = PBXBuildFile; fileRef = F9D91CF32AF9416700304A3D /* Pokemon+Ext.swift */; };
		F9D91CF62AF9649A00304A3D /* StatsView.swift in Sources */ = {isa = PBXBuildFile; fileRef = F9D91CF52AF9649900304A3D /* StatsView.swift */; };
		F9DF80D92AFC22D000BB779D /* Dex3Tests.swift in Sources */ = {isa = PBXBuildFile; fileRef = F9DF80D82AFC22D000BB779D /* Dex3Tests.swift */; };
/* End PBXBuildFile section */

/* Begin PBXContainerItemProxy section */
		F9DF80DA2AFC22D000BB779D /* PBXContainerItemProxy */ = {
			isa = PBXContainerItemProxy;
			containerPortal = F9785CD52AF903900086854D /* Project object */;
			proxyType = 1;
			remoteGlobalIDString = F9785CDC2AF903900086854D;
			remoteInfo = Dex3;
		};
/* End PBXContainerItemProxy section */

/* Begin PBXFileReference section */
		F9785CDD2AF903900086854D /* Dex3.app */ = {isa = PBXFileReference; explicitFileType = wrapper.application; includeInIndex = 0; path = Dex3.app; sourceTree = BUILT_PRODUCTS_DIR; };
		F9785CE02AF903900086854D /* Dex3App.swift */ = {isa = PBXFileReference; lastKnownFileType = sourcecode.swift; path = Dex3App.swift; sourceTree = "<group>"; };
		F9785CE22AF903900086854D /* ContentView.swift */ = {isa = PBXFileReference; lastKnownFileType = sourcecode.swift; path = ContentView.swift; sourceTree = "<group>"; };
		F9785CE42AF903910086854D /* Assets.xcassets */ = {isa = PBXFileReference; lastKnownFileType = folder.assetcatalog; path = Assets.xcassets; sourceTree = "<group>"; };
		F9785CE72AF903910086854D /* Preview Assets.xcassets */ = {isa = PBXFileReference; lastKnownFileType = folder.assetcatalog; path = "Preview Assets.xcassets"; sourceTree = "<group>"; };
		F9785CE92AF903910086854D /* Persistence.swift */ = {isa = PBXFileReference; lastKnownFileType = sourcecode.swift; path = Persistence.swift; sourceTree = "<group>"; };
		F9785CEC2AF903910086854D /* Dex3.xcdatamodel */ = {isa = PBXFileReference; lastKnownFileType = wrapper.xcdatamodel; path = Dex3.xcdatamodel; sourceTree = "<group>"; };
		F9D91CE52AF9185C00304A3D /* TempPokemon.swift */ = {isa = PBXFileReference; lastKnownFileType = sourcecode.swift; path = TempPokemon.swift; sourceTree = "<group>"; };
		F9D91CE72AF92B8D00304A3D /* FetchController.swift */ = {isa = PBXFileReference; lastKnownFileType = sourcecode.swift; path = FetchController.swift; sourceTree = "<group>"; };
		F9D91CEA2AF9373300304A3D /* PokemonViewModel.swift */ = {isa = PBXFileReference; lastKnownFileType = sourcecode.swift; path = PokemonViewModel.swift; sourceTree = "<group>"; };
		F9D91CF12AF93C7B00304A3D /* PokemonDetail.swift */ = {isa = PBXFileReference; lastKnownFileType = sourcecode.swift; path = PokemonDetail.swift; sourceTree = "<group>"; };
		F9D91CF32AF9416700304A3D /* Pokemon+Ext.swift */ = {isa = PBXFileReference; lastKnownFileType = sourcecode.swift; path = "Pokemon+Ext.swift"; sourceTree = "<group>"; };
		F9D91CF52AF9649900304A3D /* StatsView.swift */ = {isa = PBXFileReference; lastKnownFileType = sourcecode.swift; path = StatsView.swift; sourceTree = "<group>"; };
		F9DF80D62AFC22D000BB779D /* Dex3Tests.xctest */ = {isa = PBXFileReference; explicitFileType = wrapper.cfbundle; includeInIndex = 0; path = Dex3Tests.xctest; sourceTree = BUILT_PRODUCTS_DIR; };
		F9DF80D82AFC22D000BB779D /* Dex3Tests.swift */ = {isa = PBXFileReference; lastKnownFileType = sourcecode.swift; path = Dex3Tests.swift; sourceTree = "<group>"; };
/* End PBXFileReference section */

/* Begin PBXFrameworksBuildPhase section */
		F9785CDA2AF903900086854D /* Frameworks */ = {
			isa = PBXFrameworksBuildPhase;
			buildActionMask = 2147483647;
			files = (
			);
			runOnlyForDeploymentPostprocessing = 0;
		};
		F9DF80D32AFC22D000BB779D /* Frameworks */ = {
			isa = PBXFrameworksBuildPhase;
			buildActionMask = 2147483647;
			files = (
			);
			runOnlyForDeploymentPostprocessing = 0;
		};
/* End PBXFrameworksBuildPhase section */

/* Begin PBXGroup section */
		F9785CD42AF903900086854D = {
			isa = PBXGroup;
			children = (
				F9785CDF2AF903900086854D /* Dex3 */,
				F9DF80D72AFC22D000BB779D /* Dex3Tests */,
				F9785CDE2AF903900086854D /* Products */,
			);
			sourceTree = "<group>";
		};
		F9785CDE2AF903900086854D /* Products */ = {
			isa = PBXGroup;
			children = (
				F9785CDD2AF903900086854D /* Dex3.app */,
				F9DF80D62AFC22D000BB779D /* Dex3Tests.xctest */,
			);
			name = Products;
			sourceTree = "<group>";
		};
		F9785CDF2AF903900086854D /* Dex3 */ = {
			isa = PBXGroup;
			children = (
				F9D91CEE2AF93C5500304A3D /* DetailScreen */,
				F9D91CED2AF93C4900304A3D /* HomeScreen */,
				F9785CE02AF903900086854D /* Dex3App.swift */,
				F9785CE92AF903910086854D /* Persistence.swift */,
				F9785CEB2AF903910086854D /* Dex3.xcdatamodeld */,
				F9785CE42AF903910086854D /* Assets.xcassets */,
				F9785CE62AF903910086854D /* Preview Content */,
				F9D91CE52AF9185C00304A3D /* TempPokemon.swift */,
				F9D91CE72AF92B8D00304A3D /* FetchController.swift */,
				F9D91CF32AF9416700304A3D /* Pokemon+Ext.swift */,
			);
			path = Dex3;
			sourceTree = "<group>";
		};
		F9785CE62AF903910086854D /* Preview Content */ = {
			isa = PBXGroup;
			children = (
				F9785CE72AF903910086854D /* Preview Assets.xcassets */,
			);
			path = "Preview Content";
			sourceTree = "<group>";
		};
		F9D91CE92AF9372400304A3D /* ViewModel */ = {
			isa = PBXGroup;
			children = (
				F9D91CEA2AF9373300304A3D /* PokemonViewModel.swift */,
			);
			path = ViewModel;
			sourceTree = "<group>";
		};
		F9D91CEC2AF93ABE00304A3D /* View */ = {
			isa = PBXGroup;
			children = (
				F9785CE22AF903900086854D /* ContentView.swift */,
			);
			path = View;
			sourceTree = "<group>";
		};
		F9D91CED2AF93C4900304A3D /* HomeScreen */ = {
			isa = PBXGroup;
			children = (
				F9D91CEC2AF93ABE00304A3D /* View */,
				F9D91CE92AF9372400304A3D /* ViewModel */,
			);
			path = HomeScreen;
			sourceTree = "<group>";
		};
		F9D91CEE2AF93C5500304A3D /* DetailScreen */ = {
			isa = PBXGroup;
			children = (
				F9D91CF02AF93C6500304A3D /* View */,
				F9D91CEF2AF93C5D00304A3D /* ViewModel */,
			);
			path = DetailScreen;
			sourceTree = "<group>";
		};
		F9D91CEF2AF93C5D00304A3D /* ViewModel */ = {
			isa = PBXGroup;
			children = (
			);
			path = ViewModel;
			sourceTree = "<group>";
		};
		F9D91CF02AF93C6500304A3D /* View */ = {
			isa = PBXGroup;
			children = (
				F9D91CF52AF9649900304A3D /* StatsView.swift */,
				F9D91CF12AF93C7B00304A3D /* PokemonDetail.swift */,
			);
			path = View;
			sourceTree = "<group>";
		};
		F9DF80D72AFC22D000BB779D /* Dex3Tests */ = {
			isa = PBXGroup;
			children = (
				F9DF80D82AFC22D000BB779D /* Dex3Tests.swift */,
			);
			path = Dex3Tests;
			sourceTree = "<group>";
		};
/* End PBXGroup section */

/* Begin PBXNativeTarget section */
		F9785CDC2AF903900086854D /* Dex3 */ = {
			isa = PBXNativeTarget;
			buildConfigurationList = F9785CF02AF903910086854D /* Build configuration list for PBXNativeTarget "Dex3" */;
			buildPhases = (
				F9785CD92AF903900086854D /* Sources */,
				F9785CDA2AF903900086854D /* Frameworks */,
				F9785CDB2AF903900086854D /* Resources */,
			);
			buildRules = (
			);
			dependencies = (
			);
			name = Dex3;
			productName = Dex3;
			productReference = F9785CDD2AF903900086854D /* Dex3.app */;
			productType = "com.apple.product-type.application";
		};
		F9DF80D52AFC22D000BB779D /* Dex3Tests */ = {
			isa = PBXNativeTarget;
			buildConfigurationList = F9DF80DE2AFC22D100BB779D /* Build configuration list for PBXNativeTarget "Dex3Tests" */;
			buildPhases = (
				F9DF80D22AFC22D000BB779D /* Sources */,
				F9DF80D32AFC22D000BB779D /* Frameworks */,
				F9DF80D42AFC22D000BB779D /* Resources */,
			);
			buildRules = (
			);
			dependencies = (
				F9DF80DB2AFC22D000BB779D /* PBXTargetDependency */,
			);
			name = Dex3Tests;
			productName = Dex3Tests;
			productReference = F9DF80D62AFC22D000BB779D /* Dex3Tests.xctest */;
			productType = "com.apple.product-type.bundle.unit-test";
		};
/* End PBXNativeTarget section */

/* Begin PBXProject section */
		F9785CD52AF903900086854D /* Project object */ = {
			isa = PBXProject;
			attributes = {
				BuildIndependentTargetsInParallel = 1;
				LastSwiftUpdateCheck = 1500;
				LastUpgradeCheck = 1500;
				TargetAttributes = {
					F9785CDC2AF903900086854D = {
						CreatedOnToolsVersion = 15.0.1;
					};
					F9DF80D52AFC22D000BB779D = {
						CreatedOnToolsVersion = 15.0.1;
						TestTargetID = F9785CDC2AF903900086854D;
					};
				};
			};
			buildConfigurationList = F9785CD82AF903900086854D /* Build configuration list for PBXProject "Dex3" */;
			compatibilityVersion = "Xcode 14.0";
			developmentRegion = en;
			hasScannedForEncodings = 0;
			knownRegions = (
				en,
				Base,
			);
			mainGroup = F9785CD42AF903900086854D;
			productRefGroup = F9785CDE2AF903900086854D /* Products */;
			projectDirPath = "";
			projectRoot = "";
			targets = (
				F9785CDC2AF903900086854D /* Dex3 */,
				F9DF80D52AFC22D000BB779D /* Dex3Tests */,
			);
		};
/* End PBXProject section */

/* Begin PBXResourcesBuildPhase section */
		F9785CDB2AF903900086854D /* Resources */ = {
			isa = PBXResourcesBuildPhase;
			buildActionMask = 2147483647;
			files = (
				F9785CE82AF903910086854D /* Preview Assets.xcassets in Resources */,
				F9785CE52AF903910086854D /* Assets.xcassets in Resources */,
			);
			runOnlyForDeploymentPostprocessing = 0;
		};
		F9DF80D42AFC22D000BB779D /* Resources */ = {
			isa = PBXResourcesBuildPhase;
			buildActionMask = 2147483647;
			files = (
			);
			runOnlyForDeploymentPostprocessing = 0;
		};
/* End PBXResourcesBuildPhase section */

/* Begin PBXSourcesBuildPhase section */
		F9785CD92AF903900086854D /* Sources */ = {
			isa = PBXSourcesBuildPhase;
			buildActionMask = 2147483647;
			files = (
				F9785CEA2AF903910086854D /* Persistence.swift in Sources */,
				F9785CED2AF903910086854D /* Dex3.xcdatamodeld in Sources */,
				F9D91CF22AF93C7B00304A3D /* PokemonDetail.swift in Sources */,
				F9D91CE82AF92B8D00304A3D /* FetchController.swift in Sources */,
				F9D91CEB2AF9373300304A3D /* PokemonViewModel.swift in Sources */,
				F9D91CE62AF9185C00304A3D /* TempPokemon.swift in Sources */,
				F9D91CF62AF9649A00304A3D /* StatsView.swift in Sources */,
				F9D91CF42AF9416700304A3D /* Pokemon+Ext.swift in Sources */,
				F9785CE32AF903900086854D /* ContentView.swift in Sources */,
				F9785CE12AF903900086854D /* Dex3App.swift in Sources */,
			);
			runOnlyForDeploymentPostprocessing = 0;
		};
		F9DF80D22AFC22D000BB779D /* Sources */ = {
			isa = PBXSourcesBuildPhase;
			buildActionMask = 2147483647;
			files = (
				F9DF80D92AFC22D000BB779D /* Dex3Tests.swift in Sources */,
				F9A7A9C92B03B2780061613C /* TempPokemon.swift in Sources */,
			);
			runOnlyForDeploymentPostprocessing = 0;
		};
/* End PBXSourcesBuildPhase section */

/* Begin PBXTargetDependency section */
		F9DF80DB2AFC22D000BB779D /* PBXTargetDependency */ = {
			isa = PBXTargetDependency;
			target = F9785CDC2AF903900086854D /* Dex3 */;
			targetProxy = F9DF80DA2AFC22D000BB779D /* PBXContainerItemProxy */;
		};
/* End PBXTargetDependency section */

/* Begin XCBuildConfiguration section */
		F9785CEE2AF903910086854D /* Debug */ = {
			isa = XCBuildConfiguration;
			buildSettings = {
				ALWAYS_SEARCH_USER_PATHS = NO;
				ASSETCATALOG_COMPILER_GENERATE_SWIFT_ASSET_SYMBOL_EXTENSIONS = YES;
				CLANG_ANALYZER_NONNULL = YES;
				CLANG_ANALYZER_NUMBER_OBJECT_CONVERSION = YES_AGGRESSIVE;
				CLANG_CXX_LANGUAGE_STANDARD = "gnu++20";
				CLANG_ENABLE_MODULES = YES;
				CLANG_ENABLE_OBJC_ARC = YES;
				CLANG_ENABLE_OBJC_WEAK = YES;
				CLANG_WARN_BLOCK_CAPTURE_AUTORELEASING = YES;
				CLANG_WARN_BOOL_CONVERSION = YES;
				CLANG_WARN_COMMA = YES;
				CLANG_WARN_CONSTANT_CONVERSION = YES;
				CLANG_WARN_DEPRECATED_OBJC_IMPLEMENTATIONS = YES;
				CLANG_WARN_DIRECT_OBJC_ISA_USAGE = YES_ERROR;
				CLANG_WARN_DOCUMENTATION_COMMENTS = YES;
				CLANG_WARN_EMPTY_BODY = YES;
				CLANG_WARN_ENUM_CONVERSION = YES;
				CLANG_WARN_INFINITE_RECURSION = YES;
				CLANG_WARN_INT_CONVERSION = YES;
				CLANG_WARN_NON_LITERAL_NULL_CONVERSION = YES;
				CLANG_WARN_OBJC_IMPLICIT_RETAIN_SELF = YES;
				CLANG_WARN_OBJC_LITERAL_CONVERSION = YES;
				CLANG_WARN_OBJC_ROOT_CLASS = YES_ERROR;
				CLANG_WARN_QUOTED_INCLUDE_IN_FRAMEWORK_HEADER = YES;
				CLANG_WARN_RANGE_LOOP_ANALYSIS = YES;
				CLANG_WARN_STRICT_PROTOTYPES = YES;
				CLANG_WARN_SUSPICIOUS_MOVE = YES;
				CLANG_WARN_UNGUARDED_AVAILABILITY = YES_AGGRESSIVE;
				CLANG_WARN_UNREACHABLE_CODE = YES;
				CLANG_WARN__DUPLICATE_METHOD_MATCH = YES;
				COPY_PHASE_STRIP = NO;
				DEBUG_INFORMATION_FORMAT = dwarf;
				ENABLE_STRICT_OBJC_MSGSEND = YES;
				ENABLE_TESTABILITY = YES;
				ENABLE_USER_SCRIPT_SANDBOXING = YES;
				GCC_C_LANGUAGE_STANDARD = gnu17;
				GCC_DYNAMIC_NO_PIC = NO;
				GCC_NO_COMMON_BLOCKS = YES;
				GCC_OPTIMIZATION_LEVEL = 0;
				GCC_PREPROCESSOR_DEFINITIONS = (
					"DEBUG=1",
					"$(inherited)",
				);
				GCC_WARN_64_TO_32_BIT_CONVERSION = YES;
				GCC_WARN_ABOUT_RETURN_TYPE = YES_ERROR;
				GCC_WARN_UNDECLARED_SELECTOR = YES;
				GCC_WARN_UNINITIALIZED_AUTOS = YES_AGGRESSIVE;
				GCC_WARN_UNUSED_FUNCTION = YES;
				GCC_WARN_UNUSED_VARIABLE = YES;
				IPHONEOS_DEPLOYMENT_TARGET = 17.0;
				LOCALIZATION_PREFERS_STRING_CATALOGS = YES;
				MTL_ENABLE_DEBUG_INFO = INCLUDE_SOURCE;
				MTL_FAST_MATH = YES;
				ONLY_ACTIVE_ARCH = YES;
				SDKROOT = iphoneos;
				SWIFT_ACTIVE_COMPILATION_CONDITIONS = "DEBUG $(inherited)";
				SWIFT_OPTIMIZATION_LEVEL = "-Onone";
			};
			name = Debug;
		};
		F9785CEF2AF903910086854D /* Release */ = {
			isa = XCBuildConfiguration;
			buildSettings = {
				ALWAYS_SEARCH_USER_PATHS = NO;
				ASSETCATALOG_COMPILER_GENERATE_SWIFT_ASSET_SYMBOL_EXTENSIONS = YES;
				CLANG_ANALYZER_NONNULL = YES;
				CLANG_ANALYZER_NUMBER_OBJECT_CONVERSION = YES_AGGRESSIVE;
				CLANG_CXX_LANGUAGE_STANDARD = "gnu++20";
				CLANG_ENABLE_MODULES = YES;
				CLANG_ENABLE_OBJC_ARC = YES;
				CLANG_ENABLE_OBJC_WEAK = YES;
				CLANG_WARN_BLOCK_CAPTURE_AUTORELEASING = YES;
				CLANG_WARN_BOOL_CONVERSION = YES;
				CLANG_WARN_COMMA = YES;
				CLANG_WARN_CONSTANT_CONVERSION = YES;
				CLANG_WARN_DEPRECATED_OBJC_IMPLEMENTATIONS = YES;
				CLANG_WARN_DIRECT_OBJC_ISA_USAGE = YES_ERROR;
				CLANG_WARN_DOCUMENTATION_COMMENTS = YES;
				CLANG_WARN_EMPTY_BODY = YES;
				CLANG_WARN_ENUM_CONVERSION = YES;
				CLANG_WARN_INFINITE_RECURSION = YES;
				CLANG_WARN_INT_CONVERSION = YES;
				CLANG_WARN_NON_LITERAL_NULL_CONVERSION = YES;
				CLANG_WARN_OBJC_IMPLICIT_RETAIN_SELF = YES;
				CLANG_WARN_OBJC_LITERAL_CONVERSION = YES;
				CLANG_WARN_OBJC_ROOT_CLASS = YES_ERROR;
				CLANG_WARN_QUOTED_INCLUDE_IN_FRAMEWORK_HEADER = YES;
				CLANG_WARN_RANGE_LOOP_ANALYSIS = YES;
				CLANG_WARN_STRICT_PROTOTYPES = YES;
				CLANG_WARN_SUSPICIOUS_MOVE = YES;
				CLANG_WARN_UNGUARDED_AVAILABILITY = YES_AGGRESSIVE;
				CLANG_WARN_UNREACHABLE_CODE = YES;
				CLANG_WARN__DUPLICATE_METHOD_MATCH = YES;
				COPY_PHASE_STRIP = NO;
				DEBUG_INFORMATION_FORMAT = "dwarf-with-dsym";
				ENABLE_NS_ASSERTIONS = NO;
				ENABLE_STRICT_OBJC_MSGSEND = YES;
				ENABLE_USER_SCRIPT_SANDBOXING = YES;
				GCC_C_LANGUAGE_STANDARD = gnu17;
				GCC_NO_COMMON_BLOCKS = YES;
				GCC_WARN_64_TO_32_BIT_CONVERSION = YES;
				GCC_WARN_ABOUT_RETURN_TYPE = YES_ERROR;
				GCC_WARN_UNDECLARED_SELECTOR = YES;
				GCC_WARN_UNINITIALIZED_AUTOS = YES_AGGRESSIVE;
				GCC_WARN_UNUSED_FUNCTION = YES;
				GCC_WARN_UNUSED_VARIABLE = YES;
				IPHONEOS_DEPLOYMENT_TARGET = 17.0;
				LOCALIZATION_PREFERS_STRING_CATALOGS = YES;
				MTL_ENABLE_DEBUG_INFO = NO;
				MTL_FAST_MATH = YES;
				SDKROOT = iphoneos;
				SWIFT_COMPILATION_MODE = wholemodule;
				VALIDATE_PRODUCT = YES;
			};
			name = Release;
		};
		F9785CF12AF903910086854D /* Debug */ = {
			isa = XCBuildConfiguration;
			buildSettings = {
				ASSETCATALOG_COMPILER_APPICON_NAME = AppIcon;
				ASSETCATALOG_COMPILER_GLOBAL_ACCENT_COLOR_NAME = AccentColor;
				CODE_SIGN_STYLE = Automatic;
				CURRENT_PROJECT_VERSION = 1;
				DEVELOPMENT_ASSET_PATHS = "\"Dex3/Preview Content\"";
				DEVELOPMENT_TEAM = PGRD87J52F;
				ENABLE_PREVIEWS = YES;
				GENERATE_INFOPLIST_FILE = YES;
				INFOPLIST_KEY_UIApplicationSceneManifest_Generation = YES;
				INFOPLIST_KEY_UIApplicationSupportsIndirectInputEvents = YES;
				INFOPLIST_KEY_UILaunchScreen_Generation = YES;
				INFOPLIST_KEY_UISupportedInterfaceOrientations_iPad = "UIInterfaceOrientationPortrait UIInterfaceOrientationPortraitUpsideDown UIInterfaceOrientationLandscapeLeft UIInterfaceOrientationLandscapeRight";
				INFOPLIST_KEY_UISupportedInterfaceOrientations_iPhone = "UIInterfaceOrientationPortrait UIInterfaceOrientationLandscapeLeft UIInterfaceOrientationLandscapeRight";
				IPHONEOS_DEPLOYMENT_TARGET = 16.0;
				LD_RUNPATH_SEARCH_PATHS = (
					"$(inherited)",
					"@executable_path/Frameworks",
				);
				MARKETING_VERSION = 1.0;
				PRODUCT_BUNDLE_IDENTIFIER = com.atacansevim.Dex3;
				PRODUCT_NAME = "$(TARGET_NAME)";
				SWIFT_EMIT_LOC_STRINGS = YES;
				SWIFT_VERSION = 5.0;
				TARGETED_DEVICE_FAMILY = "1,2";
			};
			name = Debug;
		};
		F9785CF22AF903910086854D /* Release */ = {
			isa = XCBuildConfiguration;
			buildSettings = {
				ASSETCATALOG_COMPILER_APPICON_NAME = AppIcon;
				ASSETCATALOG_COMPILER_GLOBAL_ACCENT_COLOR_NAME = AccentColor;
				CODE_SIGN_STYLE = Automatic;
				CURRENT_PROJECT_VERSION = 1;
				DEVELOPMENT_ASSET_PATHS = "\"Dex3/Preview Content\"";
				DEVELOPMENT_TEAM = PGRD87J52F;
				ENABLE_PREVIEWS = YES;
				GENERATE_INFOPLIST_FILE = YES;
				INFOPLIST_KEY_UIApplicationSceneManifest_Generation = YES;
				INFOPLIST_KEY_UIApplicationSupportsIndirectInputEvents = YES;
				INFOPLIST_KEY_UILaunchScreen_Generation = YES;
				INFOPLIST_KEY_UISupportedInterfaceOrientations_iPad = "UIInterfaceOrientationPortrait UIInterfaceOrientationPortraitUpsideDown UIInterfaceOrientationLandscapeLeft UIInterfaceOrientationLandscapeRight";
				INFOPLIST_KEY_UISupportedInterfaceOrientations_iPhone = "UIInterfaceOrientationPortrait UIInterfaceOrientationLandscapeLeft UIInterfaceOrientationLandscapeRight";
				IPHONEOS_DEPLOYMENT_TARGET = 16.0;
				LD_RUNPATH_SEARCH_PATHS = (
					"$(inherited)",
					"@executable_path/Frameworks",
				);
				MARKETING_VERSION = 1.0;
				PRODUCT_BUNDLE_IDENTIFIER = com.atacansevim.Dex3;
				PRODUCT_NAME = "$(TARGET_NAME)";
				SWIFT_EMIT_LOC_STRINGS = YES;
				SWIFT_VERSION = 5.0;
				TARGETED_DEVICE_FAMILY = "1,2";
			};
			name = Release;
		};
		F9DF80DC2AFC22D100BB779D /* Debug */ = {
			isa = XCBuildConfiguration;
			buildSettings = {
				BUNDLE_LOADER = "$(TEST_HOST)";
				CODE_SIGN_STYLE = Automatic;
				CURRENT_PROJECT_VERSION = 1;
				DEVELOPMENT_TEAM = PGRD87J52F;
				GENERATE_INFOPLIST_FILE = YES;
				MARKETING_VERSION = 1.0;
				PRODUCT_BUNDLE_IDENTIFIER = com.atacansevim.Dex3Tests;
				PRODUCT_NAME = "$(TARGET_NAME)";
				SWIFT_EMIT_LOC_STRINGS = NO;
				SWIFT_VERSION = 5.0;
				TARGETED_DEVICE_FAMILY = "1,2";
				TEST_HOST = "$(BUILT_PRODUCTS_DIR)/Dex3.app/$(BUNDLE_EXECUTABLE_FOLDER_PATH)/Dex3";
			};
			name = Debug;
		};
		F9DF80DD2AFC22D100BB779D /* Release */ = {
			isa = XCBuildConfiguration;
			buildSettings = {
				BUNDLE_LOADER = "$(TEST_HOST)";
				CODE_SIGN_STYLE = Automatic;
				CURRENT_PROJECT_VERSION = 1;
				DEVELOPMENT_TEAM = PGRD87J52F;
				GENERATE_INFOPLIST_FILE = YES;
				MARKETING_VERSION = 1.0;
				PRODUCT_BUNDLE_IDENTIFIER = com.atacansevim.Dex3Tests;
				PRODUCT_NAME = "$(TARGET_NAME)";
				SWIFT_EMIT_LOC_STRINGS = NO;
				SWIFT_VERSION = 5.0;
				TARGETED_DEVICE_FAMILY = "1,2";
				TEST_HOST = "$(BUILT_PRODUCTS_DIR)/Dex3.app/$(BUNDLE_EXECUTABLE_FOLDER_PATH)/Dex3";
			};
			name = Release;
		};
/* End XCBuildConfiguration section */

/* Begin XCConfigurationList section */
		F9785CD82AF903900086854D /* Build configuration list for PBXProject "Dex3" */ = {
			isa = XCConfigurationList;
			buildConfigurations = (
				F9785CEE2AF903910086854D /* Debug */,
				F9785CEF2AF903910086854D /* Release */,
			);
			defaultConfigurationIsVisible = 0;
			defaultConfigurationName = Release;
		};
		F9785CF02AF903910086854D /* Build configuration list for PBXNativeTarget "Dex3" */ = {
			isa = XCConfigurationList;
			buildConfigurations = (
				F9785CF12AF903910086854D /* Debug */,
				F9785CF22AF903910086854D /* Release */,
			);
			defaultConfigurationIsVisible = 0;
			defaultConfigurationName = Release;
		};
		F9DF80DE2AFC22D100BB779D /* Build configuration list for PBXNativeTarget "Dex3Tests" */ = {
			isa = XCConfigurationList;
			buildConfigurations = (
				F9DF80DC2AFC22D100BB779D /* Debug */,
				F9DF80DD2AFC22D100BB779D /* Release */,
			);
			defaultConfigurationIsVisible = 0;
			defaultConfigurationName = Release;
		};
/* End XCConfigurationList section */

/* Begin XCVersionGroup section */
		F9785CEB2AF903910086854D /* Dex3.xcdatamodeld */ = {
			isa = XCVersionGroup;
			children = (
				F9785CEC2AF903910086854D /* Dex3.xcdatamodel */,
			);
			currentVersion = F9785CEC2AF903910086854D /* Dex3.xcdatamodel */;
			path = Dex3.xcdatamodeld;
			sourceTree = "<group>";
			versionGroupType = wrapper.xcdatamodel;
		};
/* End XCVersionGroup section */
	};
	rootObject = F9785CD52AF903900086854D /* Project object */;
}
